Microsoft Visual Studio Solution File, Format Version 12.00
# Visual Studio Version 17
VisualStudioVersion = 17.13.35828.75
MinimumVisualStudioVersion = 10.0.40219.1
Project("{FAE04EC0-301F-11D3-BF4B-00C04F79EFBC}") = "ApiNetCore5v2", "ApiNetCore5v2.csproj", "{F12361E7-00B5-C958-D617-05C0A4888D1C}"
EndProject
Global
	GlobalSection(SolutionConfigurationPlatforms) = preSolution
		Debug|Any CPU = Debug|Any CPU
		Release|Any CPU = Release|Any CPU
	EndGlobalSection
	GlobalSection(ProjectConfigurationPlatforms) = postSolution
		{F12361E7-00B5-C958-D617-05C0A4888D1C}.Debug|Any CPU.ActiveCfg = Debug|Any CPU
		{F12361E7-00B5-C958-D617-05C0A4888D1C}.Debug|Any CPU.Build.0 = Debug|Any CPU
		{F12361E7-00B5-C958-D617-05C0A4888D1C}.Release|Any CPU.ActiveCfg = Release|Any CPU
		{F12361E7-00B5-C958-D617-05C0A4888D1C}.Release|Any CPU.Build.0 = Release|Any CPU
	EndGlobalSection
	GlobalSection(SolutionProperties) = preSolution
		HideSolutionNode = FALSE
	EndGlobalSection
	GlobalSection(ExtensibilityGlobals) = postSolution
		SolutionGuid = {0EEA940A-A3F5-4F86-894D-AC933FD3328E}
	EndGlobalSection
EndGlobal
